
Microsoft Visual Studio Solution File, Format Version 12.00
# Visual Studio Version 16
VisualStudioVersion = 16.0.30104.148
MinimumVisualStudioVersion = 10.0.40219.1
Project("{FAE04EC0-301F-11D3-BF4B-00C04F79EFBC}") = "RestaurantCP", "RestaurantCP\RestaurantCP.csproj", "{95019E24-4614-4CCD-B34E-38FDF6EAB0AF}"
EndProject
Global
	GlobalSection(SolutionConfigurationPlatforms) = preSolution
		Debug|Any CPU = Debug|Any CPU
		Release|Any CPU = Release|Any CPU
	EndGlobalSection
	GlobalSection(ProjectConfigurationPlatforms) = postSolution
		{95019E24-4614-4CCD-B34E-38FDF6EAB0AF}.Debug|Any CPU.ActiveCfg = Debug|Any CPU
		{95019E24-4614-4CCD-B34E-38FDF6EAB0AF}.Debug|Any CPU.Build.0 = Debug|Any CPU
		{95019E24-4614-4CCD-B34E-38FDF6EAB0AF}.Release|Any CPU.ActiveCfg = Release|Any CPU
		{95019E24-4614-4CCD-B34E-38FDF6EAB0AF}.Release|Any CPU.Build.0 = Release|Any CPU
	EndGlobalSection
	GlobalSection(SolutionProperties) = preSolution
		HideSolutionNode = FALSE
	EndGlobalSection
	GlobalSection(ExtensibilityGlobals) = postSolution
		SolutionGuid = {67A00B03-B2EA-4228-8798-AA8E0A13CD34}
	EndGlobalSection
EndGlobal
